{
  "name": "sargam.design",
  "version": "1.0.0",
  "lockfileVersion": 2,
  "requires": true,
  "packages": {
    "": {
      "name": "sargam.design",
      "version": "1.0.0",
      "license": "MIT",
      "dependencies": {
        "@sargamdesign/colors": "^2.1.0",
        "sargam-icons": "^1.4.3"
      }
    },
    "node_modules/@sargamdesign/colors": {
      "version": "2.1.0",
      "resolved": "https://registry.npmjs.org/@sargamdesign/colors/-/colors-2.1.0.tgz",
      "integrity": "sha512-3M37ZNQCBXXVHx7tzbN5vhDBDe0gyg4ZwvXzsffNTmFY5bXLKJ0WaAOq2hBCJzO2xg91svElJ2Sjks9gzn+o/Q=="
    },
    "node_modules/sargam-icons": {
      "version": "1.4.3",
      "resolved": "https://registry.npmjs.org/sargam-icons/-/sargam-icons-1.4.3.tgz",
      "integrity": "sha512-yqKzbvxhKUOx+36jaBsiHM40PI3i88URVYGiS0258eB6NDLzsS+z8z+6kGwLyCc7HzDgRTd+CrTNJZxp7D1GcA=="
    }
  },
  "dependencies": {
    "@sargamdesign/colors": {
      "version": "2.1.0",
      "resolved": "https://registry.npmjs.org/@sargamdesign/colors/-/colors-2.1.0.tgz",
      "integrity": "sha512-3M37ZNQCBXXVHx7tzbN5vhDBDe0gyg4ZwvXzsffNTmFY5bXLKJ0WaAOq2hBCJzO2xg91svElJ2Sjks9gzn+o/Q=="
    },
    "sargam-icons": {
      "version": "1.4.3",
      "resolved": "https://registry.npmjs.org/sargam-icons/-/sargam-icons-1.4.3.tgz",
      "integrity": "sha512-yqKzbvxhKUOx+36jaBsiHM40PI3i88URVYGiS0258eB6NDLzsS+z8z+6kGwLyCc7HzDgRTd+CrTNJZxp7D1GcA=="
    }
  }
}
